
Microsoft Visual Studio Solution File, Format Version 12.00
# Visual Studio Version 17
VisualStudioVersion = 17.0.31903.59
MinimumVisualStudioVersion = 10.0.40219.1
Project("{FAE04EC0-301F-11D3-BF4B-00C04F79EFBC}") = "blue.ink.Api", "blue.ink.Api\blue.ink.Api.csproj", "{8590D4F9-C91B-4D4D-8E48-4A0F81AEC28E}"
EndProject
Project("{FAE04EC0-301F-11D3-BF4B-00C04F79EFBC}") = "blue.ink.Domain", "blue.ink.Domain\blue.ink.Domain.csproj", "{9F624D32-3E17-4E52-9037-1DD552277A96}"
EndProject
Global
	GlobalSection(SolutionConfigurationPlatforms) = preSolution
		Debug|Any CPU = Debug|Any CPU
		Release|Any CPU = Release|Any CPU
	EndGlobalSection
	GlobalSection(SolutionProperties) = preSolution
		HideSolutionNode = FALSE
	EndGlobalSection
	GlobalSection(ProjectConfigurationPlatforms) = postSolution
		{8590D4F9-C91B-4D4D-8E48-4A0F81AEC28E}.Debug|Any CPU.ActiveCfg = Debug|Any CPU
		{8590D4F9-C91B-4D4D-8E48-4A0F81AEC28E}.Debug|Any CPU.Build.0 = Debug|Any CPU
		{8590D4F9-C91B-4D4D-8E48-4A0F81AEC28E}.Release|Any CPU.ActiveCfg = Release|Any CPU
		{8590D4F9-C91B-4D4D-8E48-4A0F81AEC28E}.Release|Any CPU.Build.0 = Release|Any CPU
		{9F624D32-3E17-4E52-9037-1DD552277A96}.Debug|Any CPU.ActiveCfg = Debug|Any CPU
		{9F624D32-3E17-4E52-9037-1DD552277A96}.Debug|Any CPU.Build.0 = Debug|Any CPU
		{9F624D32-3E17-4E52-9037-1DD552277A96}.Release|Any CPU.ActiveCfg = Release|Any CPU
		{9F624D32-3E17-4E52-9037-1DD552277A96}.Release|Any CPU.Build.0 = Release|Any CPU
	EndGlobalSection
EndGlobal
